<?xml version="1.0" encoding="UTF-8" standalone="yes" ?>
<CodeBlocks_project_file>
	<FileVersion major="1" minor="6" />
	<Project>
		<Option title="GLTesting3" />
		<Option pch_mode="2" />
		<Option compiler="gcc" />
		<Build>
			<Target title="Debug">
				<Option output="bin/Debug/GLTesting3" prefix_auto="1" extension_auto="1" />
				<Option object_output="obj/Debug/" />
				<Option type="0" />
				<Option compiler="gcc" />
				<Compiler>
					<Add option="-g" />
				</Compiler>
			</Target>
			<Target title="Release">
				<Option output="bin/Release/GLTesting3" prefix_auto="1" extension_auto="1" />
				<Option object_output="obj/Release/" />
				<Option type="0" />
				<Option compiler="gcc" />
				<Compiler>
					<Add option="-O2" />
				</Compiler>
			</Target>
		</Build>
		<Compiler>
			<Add option="-Wall" />
		</Compiler>
		<Linker>
			<Add library="opengl32" />
			<Add library="glu32" />
			<Add library="gdi32" />
			<Add library="user32" />
		</Linker>
		<Unit filename="consoleUtil.c">
			<Option compilerVar="CC" />
		</Unit>
		<Unit filename="consoleUtil.h" />
		<Unit filename="fileUtil.c">
			<Option compilerVar="CC" />
		</Unit>
		<Unit filename="fileUtil.h" />
		<Unit filename="game.c">
			<Option compilerVar="CC" />
		</Unit>
		<Unit filename="game.h" />
		<Unit filename="glExtensions.c">
			<Option compilerVar="CC" />
		</Unit>
		<Unit filename="glExtensions.h" />
		<Unit filename="glMath.c">
			<Option compilerVar="CC" />
		</Unit>
		<Unit filename="glMath.h" />
		<Unit filename="glext.h" />
		<Unit filename="keyboard.c">
			<Option compilerVar="CC" />
		</Unit>
		<Unit filename="keyboard.h" />
		<Unit filename="main.c">
			<Option compilerVar="CC" />
		</Unit>
		<Unit filename="mouse.c">
			<Option compilerVar="CC" />
		</Unit>
		<Unit filename="mouse.h" />
		<Unit filename="renderer.c">
			<Option compilerVar="CC" />
		</Unit>
		<Unit filename="renderer.h" />
		<Unit filename="shaderUtil.c">
			<Option compilerVar="CC" />
		</Unit>
		<Unit filename="shaderUtil.h" />
		<Unit filename="wglext.h" />
		<Extensions>
			<code_completion />
			<envvars />
			<debugger />
			<lib_finder disable_auto="1" />
		</Extensions>
	</Project>
</CodeBlocks_project_file>
